#MicroXplorer Configuration settings - do not modify
Mcu.Family=STM32F4
ProjectManager.MainLocation=Src
PH0-OSC_IN.Signal=RCC_OSC_IN
VP_SYS_VS_tim6.Mode=TIM6
USART2.IPParameters=VirtualMode
RCC.CortexFreq_Value=180000000
Dma.SDIO_RX.1.PeriphDataAlignment=DMA_PDATAALIGN_WORD
FATFS._USE_LFN=1
ProjectManager.KeepUserCode=true
Mcu.UserName=STM32F446RETx
SPI2.VirtualType=VM_MASTER
PB10.Mode=Full_Duplex_Master
NVIC.TIM6_DAC_IRQn=true\:0\:0\:false\:false\:true\:false\:true
VP_FATFS_VS_SDIO.Mode=SDIO
Dma.USART1_TX.3.MemInc=DMA_MINC_ENABLE
Dma.USART1_TX.3.MemDataAlignment=DMA_MDATAALIGN_BYTE
USART1.BaudRate=9600
Dma.USART2_TX.5.MemInc=DMA_MINC_ENABLE
RCC.PLLCLKFreq_Value=180000000
RCC.PLLQCLKFreq_Value=45000000
Dma.SDIO_RX.1.Mode=DMA_PFCTRL
Dma.USART1_TX.3.Direction=DMA_MEMORY_TO_PERIPH
Dma.SDIO_RX.1.Direction=DMA_PERIPH_TO_MEMORY
Dma.SDIO_RX.1.RequestParameters=Instance,Direction,PeriphInc,MemInc,PeriphDataAlignment,MemDataAlignment,Mode,Priority,FIFOMode,FIFOThreshold,MemBurst,PeriphBurst
ProjectManager.functionlistsort=1-MX_GPIO_Init-GPIO-false-HAL-true,2-MX_DMA_Init-DMA-false-HAL-true,3-SystemClock_Config-RCC-false-HAL-false,4-MX_USART1_UART_Init-USART1-false-HAL-true,5-MX_I2C3_Init-I2C3-false-HAL-true,6-MX_SPI2_Init-SPI2-false-HAL-true,7-MX_SDIO_SD_Init-SDIO-false-HAL-true,8-MX_FATFS_Init-FATFS-false-HAL-false,9-MX_USART2_UART_Init-USART2-false-HAL-true
Dma.USART2_TX.5.MemDataAlignment=DMA_MDATAALIGN_BYTE
PC3.Locked=true
Dma.SDIO_RX.1.Priority=DMA_PRIORITY_LOW
RCC.PLLI2SRCLKFreq_Value=48000000
Dma.USART2_RX.4.Instance=DMA1_Stream5
USART1.IPParameters=VirtualMode,BaudRate
PC13.GPIO_Label=BUTTON_INT
Dma.USART2_RX.4.PeriphDataAlignment=DMA_PDATAALIGN_BYTE
RCC.SAIAFreq_Value=96000000
Dma.USART2_RX.4.RequestParameters=Instance,Direction,PeriphInc,MemInc,PeriphDataAlignment,MemDataAlignment,Mode,Priority,FIFOMode
PinOutPanel.RotationAngle=0
RCC.SYSCLKSource=RCC_SYSCLKSOURCE_PLLCLK
ProjectManager.StackSize=0x400
Dma.SDIO_RX.1.Instance=DMA2_Stream3
SH.GPXTI13.0=GPIO_EXTI13
Dma.SDIO_TX.2.Mode=DMA_PFCTRL
Mcu.IP4=RCC
RCC.FCLKCortexFreq_Value=180000000
Mcu.IP5=SDIO
Mcu.IP2=I2C3
NVIC.SVCall_IRQn=true\:0\:0\:false\:false\:false\:false\:false
Mcu.IP3=NVIC
Mcu.IP0=DMA
Dma.USART2_TX.5.RequestParameters=Instance,Direction,PeriphInc,MemInc,PeriphDataAlignment,MemDataAlignment,Mode,Priority,FIFOMode
Mcu.IP1=FATFS
Dma.SDIO_TX.2.MemDataAlignment=DMA_MDATAALIGN_WORD
Dma.USART1_TX.3.FIFOMode=DMA_FIFOMODE_DISABLE
Mcu.UserConstants=
VP_FATFS_VS_SDIO.Signal=FATFS_VS_SDIO
SH.GPXTI13.ConfNb=1
Mcu.ThirdPartyNb=0
RCC.SDIOFreq_Value=48000000
RCC.HCLKFreq_Value=180000000
Mcu.IPNb=10
ProjectManager.PreviousToolchain=STM32CubeIDE
RCC.APB2TimFreq_Value=180000000
Dma.SDIO_RX.1.FIFOMode=DMA_FIFOMODE_ENABLE
RCC.SPDIFRXFreq_Value=180000000
Dma.USART1_TX.3.Mode=DMA_CIRCULAR
PC3.Signal=GPIO_Output
Mcu.Pin6=PA2
Mcu.Pin7=PA3
Mcu.Pin8=PA5
Mcu.Pin9=PB0
RCC.VCOSAIOutputFreq_Value=192000000
RCC.AHBFreq_Value=180000000
Dma.USART1_RX.0.Priority=DMA_PRIORITY_MEDIUM
PH0-OSC_IN.Mode=HSE-External-Oscillator
Mcu.Pin0=PC13
Mcu.Pin1=PH0-OSC_IN
GPIO.groupedBy=Group By Peripherals
Mcu.Pin2=PH1-OSC_OUT
Mcu.Pin3=PC1
Mcu.Pin4=PC2
NVIC.EXTI15_10_IRQn=true\:6\:0\:true\:false\:true\:true\:true
Mcu.Pin5=PC3
ProjectManager.ProjectBuild=false
RCC.HSE_VALUE=8000000
NVIC.UsageFault_IRQn=true\:0\:0\:false\:false\:true\:false\:false
NVIC.DebugMonitor_IRQn=true\:0\:0\:false\:false\:true\:false\:false
PB2.Signal=SDIO_CK
PA8.Locked=true
NVIC.SysTick_IRQn=true\:0\:0\:false\:false\:false\:false\:false
ProjectManager.FirmwarePackage=STM32Cube FW_F4 V1.25.1
MxDb.Version=DB.6.0.0
PB4.Mode=I2C
ProjectManager.BackupPrevious=false
Dma.USART2_RX.4.FIFOMode=DMA_FIFOMODE_DISABLE
RCC.VCOInputFreq_Value=2000000
PA14.Mode=Serial_Wire
Dma.USART1_TX.3.PeriphInc=DMA_PINC_DISABLE
Dma.USART2_TX.5.PeriphDataAlignment=DMA_PDATAALIGN_BYTE
File.Version=6
Dma.SDIO_TX.2.Direction=DMA_MEMORY_TO_PERIPH
SPI2.CalculateBaudRate=22.5 MBits/s
PA8.Signal=I2C3_SCL
RCC.PLLRCLKFreq_Value=180000000
NVIC.PendSV_IRQn=true\:0\:0\:false\:false\:false\:false\:false
Dma.USART2_TX.5.Priority=DMA_PRIORITY_LOW
Dma.USART1_RX.0.MemInc=DMA_MINC_ENABLE
Dma.RequestsNb=6
RCC.PLLI2SoutputFreq_Value=48000000
ProjectManager.HalAssertFull=false
Dma.USART1_TX.3.Instance=DMA2_Stream7
ProjectManager.ProjectName=HABSat-OBC
Dma.USART2_RX.4.Priority=DMA_PRIORITY_LOW
Dma.USART2_TX.5.Mode=DMA_NORMAL
PH1-OSC_OUT.Mode=HSE-External-Oscillator
RCC.MCO2PinFreq_Value=180000000
Mcu.Package=LQFP64
PB1.Signal=SDIO_D2
NVIC.DMA2_Stream7_IRQn=true\:0\:0\:false\:false\:true\:false\:true
PA5.Locked=true
NVIC.TimeBase=TIM6_DAC_IRQn
SPI2.Mode=SPI_MODE_MASTER
RCC.I2S2Freq_Value=48000000
USART2.VirtualMode=VM_ASYNC
Dma.SDIO_TX.2.PeriphBurst=DMA_PBURST_INC4
ProjectManager.ToolChainLocation=
Dma.USART2_RX.4.MemInc=DMA_MINC_ENABLE
Dma.USART1_RX.0.RequestParameters=Instance,Direction,PeriphInc,MemInc,PeriphDataAlignment,MemDataAlignment,Mode,Priority,FIFOMode
NVIC.TimeBaseIP=TIM6
PA10.Signal=USART1_RX
PA5.GPIOParameters=GPIO_Label
PC11.Mode=SD_4_bits_Wide_bus
Dma.SDIO_RX.1.PeriphBurst=DMA_PBURST_INC4
RCC.PLLSAIM=8
RCC.PLLSAIP=RCC_PLLSAIP_DIV4
Dma.USART1_RX.0.FIFOMode=DMA_FIFOMODE_DISABLE
RCC.APB2CLKDivider=RCC_HCLK_DIV2
Dma.SDIO_TX.2.RequestParameters=Instance,Direction,PeriphInc,MemInc,PeriphDataAlignment,MemDataAlignment,Mode,Priority,FIFOMode,FIFOThreshold,MemBurst,PeriphBurst
NVIC.DMA2_Stream2_IRQn=true\:0\:0\:false\:false\:true\:false\:true
Dma.Request2=SDIO_TX
RCC.CECFreq_Value=32786.88524590164
Dma.Request1=SDIO_RX
RCC.APB1TimFreq_Value=90000000
Dma.Request4=USART2_RX
Dma.Request3=USART1_TX
NVIC.BusFault_IRQn=true\:0\:0\:false\:false\:true\:false\:false
Dma.USART1_RX.0.Mode=DMA_CIRCULAR
Dma.Request5=USART2_TX
SPI2.Direction=SPI_DIRECTION_2LINES
Dma.USART2_TX.5.Direction=DMA_MEMORY_TO_PERIPH
NVIC.USART1_IRQn=true\:0\:0\:false\:false\:true\:true\:true
RCC.SAIBFreq_Value=96000000
Dma.Request0=USART1_RX
NVIC.DMA1_Stream6_IRQn=true\:0\:0\:false\:false\:true\:false\:true
Dma.SDIO_TX.2.FIFOThreshold=DMA_FIFO_THRESHOLD_FULL
Dma.USART1_RX.0.Instance=DMA2_Stream2
ProjectManager.CustomerFirmwarePackage=
RCC.PLLSAIQCLKFreq_Value=96000000
PB4.Signal=I2C3_SDA
PA3.Signal=USART2_RX
RCC.PLLSourceVirtual=RCC_PLLSOURCE_HSE
Dma.SDIO_TX.2.MemInc=DMA_MINC_ENABLE
ProjectManager.ProjectFileName=HABSat-OBC.ioc
Dma.USART1_RX.0.PeriphDataAlignment=DMA_PDATAALIGN_BYTE
PA10.Mode=Asynchronous
Mcu.PinsNb=24
ProjectManager.NoMain=false
PC13.Locked=true
PC13.Signal=GPXTI13
PC11.Signal=SDIO_D3
RCC.FMPI2C1Freq_Value=45000000
RCC.VCOI2SInputFreq_Value=500000
PC8.Signal=SDIO_D0
PC2.Signal=SPI2_MISO
ProjectManager.DefaultFWLocation=true
PC2.Mode=Full_Duplex_Master
Dma.SDIO_TX.2.Instance=DMA2_Stream6
ProjectManager.DeletePrevious=true
RCC.APB1CLKDivider=RCC_HCLK_DIV4
Dma.USART1_TX.3.RequestParameters=Instance,Direction,PeriphInc,MemInc,PeriphDataAlignment,MemDataAlignment,Mode,Priority,FIFOMode
NVIC.USART2_IRQn=true\:0\:0\:false\:false\:true\:true\:true
NVIC.SDIO_IRQn=true\:0\:0\:false\:false\:true\:true\:true
RCC.FamilyName=M
Dma.SDIO_RX.1.PeriphInc=DMA_PINC_DISABLE
PC3.GPIOParameters=GPIO_Label
FATFS.IPParameters=_USE_LFN,_MAX_SS,USE_DMA_CODE_SD
PA3.Mode=Asynchronous
PA13.Signal=SYS_JTMS-SWDIO
PA9.Mode=Asynchronous
ProjectManager.TargetToolchain=STM32CubeIDE
NVIC.DMA1_Stream5_IRQn=true\:0\:0\:false\:false\:true\:false\:true
Dma.USART1_RX.0.Direction=DMA_PERIPH_TO_MEMORY
PA9.Signal=USART1_TX
Dma.USART1_TX.3.PeriphDataAlignment=DMA_PDATAALIGN_BYTE
RCC.I2S1Freq_Value=48000000
SPI2.IPParameters=VirtualType,Mode,Direction,CalculateBaudRate
Dma.SDIO_TX.2.PeriphDataAlignment=DMA_PDATAALIGN_WORD
ProjectManager.RegisterCallBack=
RCC.USBFreq_Value=48000000
NVIC.DMA2_Stream3_IRQn=true\:0\:0\:false\:false\:true\:false\:true
NVIC.DMA2_Stream6_IRQn=true\:0\:0\:false\:false\:true\:false\:true
RCC.PLLSAIoutputFreq_Value=48000000
Dma.USART1_RX.0.PeriphInc=DMA_PINC_DISABLE
Dma.USART2_RX.4.PeriphInc=DMA_PINC_DISABLE
Dma.SDIO_RX.1.MemDataAlignment=DMA_MDATAALIGN_WORD
PB10.Signal=SPI2_SCK
Dma.SDIO_RX.1.FIFOThreshold=DMA_FIFO_THRESHOLD_FULL
RCC.VCOI2SOutputFreq_Value=96000000
PD2.Mode=SD_4_bits_Wide_bus
RCC.USBCLockSelection=RCC_CLK48CLKSOURCE_PLLSAIP
PA5.Signal=GPIO_Output
PB0.Mode=SD_4_bits_Wide_bus
RCC.PLLSAIPCLKFreq_Value=48000000
board=custom
Dma.SDIO_RX.1.MemBurst=DMA_MBURST_INC4
RCC.VCOOutputFreq_Value=360000000
ProjectManager.LastFirmware=false
FATFS.USE_DMA_CODE_SD=1
Dma.USART2_RX.4.Direction=DMA_PERIPH_TO_MEMORY
VP_SYS_VS_tim6.Signal=SYS_VS_tim6
RCC.APB2Freq_Value=90000000
MxCube.Version=6.0.1
RCC.PLLI2SPCLKFreq_Value=48000000
PC13.GPIOParameters=GPIO_Label,GPIO_ModeDefaultEXTI
Dma.USART2_TX.5.PeriphInc=DMA_PINC_DISABLE
PH1-OSC_OUT.Signal=RCC_OSC_OUT
Dma.USART1_RX.0.MemDataAlignment=DMA_MDATAALIGN_BYTE
NVIC.NonMaskableInt_IRQn=true\:0\:0\:false\:false\:true\:false\:false
Dma.USART2_TX.5.FIFOMode=DMA_FIFOMODE_DISABLE
PA13.Mode=Serial_Wire
ProjectManager.FreePins=false
RCC.IPParameters=AHBFreq_Value,APB1CLKDivider,APB1Freq_Value,APB1TimFreq_Value,APB2CLKDivider,APB2Freq_Value,APB2TimFreq_Value,CECFreq_Value,CortexFreq_Value,FCLKCortexFreq_Value,FMPI2C1Freq_Value,FamilyName,HCLKFreq_Value,HSE_VALUE,I2S1Freq_Value,I2S2Freq_Value,MCO2PinFreq_Value,PLLCLKFreq_Value,PLLI2SPCLKFreq_Value,PLLI2SQCLKFreq_Value,PLLI2SRCLKFreq_Value,PLLI2SoutputFreq_Value,PLLM,PLLN,PLLQ,PLLQCLKFreq_Value,PLLRCLKFreq_Value,PLLSAIM,PLLSAIP,PLLSAIPCLKFreq_Value,PLLSAIQCLKFreq_Value,PLLSAIoutputFreq_Value,PLLSourceVirtual,PWRFreq_Value,SAIAFreq_Value,SAIBFreq_Value,SDIOFreq_Value,SPDIFRXFreq_Value,SYSCLKFreq_VALUE,SYSCLKSource,USBCLockSelection,USBFreq_Value,VCOI2SInputFreq_Value,VCOI2SOutputFreq_Value,VCOInputFreq_Value,VCOOutputFreq_Value,VCOSAIInputFreq_Value,VCOSAIOutputFreq_Value
ProjectManager.AskForMigrate=true
Mcu.Name=STM32F446R(C-E)Tx
RCC.PLLI2SQCLKFreq_Value=48000000
PA2.Signal=USART2_TX
Dma.USART1_TX.3.Priority=DMA_PRIORITY_LOW
ProjectManager.UnderRoot=true
Dma.SDIO_TX.2.Priority=DMA_PRIORITY_LOW
FATFS._MAX_SS=4096
Mcu.IP8=USART1
Mcu.IP9=USART2
Mcu.IP6=SPI2
PC8.Mode=SD_4_bits_Wide_bus
RCC.VCOSAIInputFreq_Value=1000000
Mcu.IP7=SYS
ProjectManager.CoupleFile=false
PB4.Locked=true
RCC.SYSCLKFreq_VALUE=180000000
Mcu.Pin22=VP_FATFS_VS_SDIO
Mcu.Pin23=VP_SYS_VS_tim6
Mcu.Pin20=PD2
Mcu.Pin21=PB4
PA5.GPIO_Label=LED_DIODE
NVIC.ForceEnableDMAVector=true
KeepUserPlacement=false
Dma.USART2_RX.4.MemDataAlignment=DMA_MDATAALIGN_BYTE
PC13.GPIO_ModeDefaultEXTI=GPIO_MODE_IT_FALLING
Dma.USART2_TX.5.Instance=DMA1_Stream6
NVIC.MemoryManagement_IRQn=true\:0\:0\:false\:false\:true\:false\:false
PB2.Mode=SD_4_bits_Wide_bus
USART1.VirtualMode=VM_ASYNC
ProjectManager.CompilerOptimize=6
PA14.Signal=SYS_JTCK-SWCLK
Dma.SDIO_TX.2.MemBurst=DMA_MBURST_INC4
ProjectManager.HeapSize=0x200
Mcu.Pin15=PA9
NVIC.HardFault_IRQn=true\:0\:0\:false\:false\:true\:false\:false
PB1.Mode=SD_4_bits_Wide_bus
Mcu.Pin16=PA10
Dma.SDIO_RX.1.MemInc=DMA_MINC_ENABLE
Dma.SDIO_TX.2.FIFOMode=DMA_FIFOMODE_ENABLE
Mcu.Pin13=PC8
Mcu.Pin14=PA8
Mcu.Pin19=PC11
ProjectManager.ComputerToolchain=false
Mcu.Pin17=PA13
Mcu.Pin18=PA14
RCC.PLLQ=8
NVIC.PriorityGroup=NVIC_PRIORITYGROUP_4
Mcu.Pin11=PB2
Mcu.Pin12=PB10
RCC.PLLM=4
RCC.PLLN=180
Mcu.Pin10=PB1
PA2.Mode=Asynchronous
Dma.SDIO_TX.2.PeriphInc=DMA_PINC_DISABLE
PC3.GPIO_Label=SENSOR_CSB
RCC.PWRFreq_Value=180000000
PA8.Mode=I2C
Dma.USART2_RX.4.Mode=DMA_NORMAL
PD2.Signal=SDIO_CMD
RCC.APB1Freq_Value=45000000
PB0.Signal=SDIO_D1
ProjectManager.DeviceId=STM32F446RETx
PC1.Signal=SPI2_MOSI
ProjectManager.LibraryCopy=1
PC1.Mode=Full_Duplex_Master
